
Microsoft Visual Studio Solution File, Format Version 12.00
# Visual Studio 15
VisualStudioVersion = 15.0.28010.2048
MinimumVisualStudioVersion = 10.0.40219.1
Project("{9A19103F-16F7-4668-BE54-9A1E7A4F7556}") = "ParallelDurableFunction", "ParallelDurableFunction\ParallelDurableFunction.csproj", "{BB0E4D7B-0637-4999-97DA-39138B5551BD}"
EndProject
Global
	GlobalSection(SolutionConfigurationPlatforms) = preSolution
		Debug|Any CPU = Debug|Any CPU
		Release|Any CPU = Release|Any CPU
	EndGlobalSection
	GlobalSection(ProjectConfigurationPlatforms) = postSolution
		{BB0E4D7B-0637-4999-97DA-39138B5551BD}.Debug|Any CPU.ActiveCfg = Debug|Any CPU
		{BB0E4D7B-0637-4999-97DA-39138B5551BD}.Debug|Any CPU.Build.0 = Debug|Any CPU
		{BB0E4D7B-0637-4999-97DA-39138B5551BD}.Release|Any CPU.ActiveCfg = Release|Any CPU
		{BB0E4D7B-0637-4999-97DA-39138B5551BD}.Release|Any CPU.Build.0 = Release|Any CPU
	EndGlobalSection
	GlobalSection(SolutionProperties) = preSolution
		HideSolutionNode = FALSE
	EndGlobalSection
	GlobalSection(ExtensibilityGlobals) = postSolution
		SolutionGuid = {6DA484E8-A9F6-4109-9675-084909A07020}
	EndGlobalSection
EndGlobal
