
Microsoft Visual Studio Solution File, Format Version 12.00
# Visual Studio 15
VisualStudioVersion = 15.0.28010.2048
MinimumVisualStudioVersion = 10.0.40219.1
Project("{9A19103F-16F7-4668-BE54-9A1E7A4F7556}") = "CosmosDBBindingDemo", "CosmosDBBindingDemo\CosmosDBBindingDemo.csproj", "{47333704-124C-424D-BA01-7ED4A181A172}"
EndProject
Global
	GlobalSection(SolutionConfigurationPlatforms) = preSolution
		Debug|Any CPU = Debug|Any CPU
		Release|Any CPU = Release|Any CPU
	EndGlobalSection
	GlobalSection(ProjectConfigurationPlatforms) = postSolution
		{47333704-124C-424D-BA01-7ED4A181A172}.Debug|Any CPU.ActiveCfg = Debug|Any CPU
		{47333704-124C-424D-BA01-7ED4A181A172}.Debug|Any CPU.Build.0 = Debug|Any CPU
		{47333704-124C-424D-BA01-7ED4A181A172}.Release|Any CPU.ActiveCfg = Release|Any CPU
		{47333704-124C-424D-BA01-7ED4A181A172}.Release|Any CPU.Build.0 = Release|Any CPU
	EndGlobalSection
	GlobalSection(SolutionProperties) = preSolution
		HideSolutionNode = FALSE
	EndGlobalSection
	GlobalSection(ExtensibilityGlobals) = postSolution
		SolutionGuid = {1317CCA9-6D96-4CAA-91C8-E2519F25FB74}
	EndGlobalSection
EndGlobal
